lockfileVersion: '9.0'

settings:
  autoInstallPeers: true
  excludeLinksFromLockfile: false

importers:

  .:
    dependencies:
      uwebsockets:
        specifier: ^3.0.5
        version: 3.0.5
    devDependencies:
      '@biomejs/biome':
        specifier: ^2.4.15
        version: 2.4.15
      esbuild:
        specifier: ^0.28.0
        version: 0.28.0
      porffor:
        specifier: ^0.61.13
        version: 0.61.13
      typescript:
        specifier: ^6.0.3
        version: 6.0.3

packages:

  '@babel/helper-string-parser@7.29.7':
    resolution: {integrity: sha512-Pb5ijPrZ89GDH8223L4UP8i6QApWxs04RbPQJTeWDV0/keR2E36MeKnyr6LYmUUvqRRI+Iv87SuF1W6ErINzYw==}
    engines: {node: '>=6.9.0'}

  '@babel/helper-validator-identifier@7.29.7':
    resolution: {integrity: sha512-qehxGkRj55h/ff8EMaJ+cYhyaKlHIxqYDn682wQD7RNp9UujOQsHog2uS0r2vzr4pW+sXf90NeeayjcNaX3fFg==}
    engines: {node: '>=6.9.0'}

  '@babel/parser@7.29.7':
    resolution: {integrity: sha512-hnORnjP/1P/zFEndoeX+n+t1RwWRJiJpM/jO7FW32Kn9r5+sJB2JWOdYo4L6k78j15eCwY3Gm/7364B1EMwtNg==}
    engines: {node: '>=6.0.0'}
    hasBin: true

  '@babel/types@7.29.7':
    resolution: {integrity: sha512-4zBIxpPzowiZpusoFkyGVwakdRJUyuH5PxQ/PrqghfdFWWasvnCdPfQXHrenDai+gyLARulZjZowCOj6fjT4pA==}
    engines: {node: '>=6.9.0'}

  '@biomejs/biome@2.4.15':
    resolution: {integrity: sha512-j5VH3a/h/HXTKBM50MDMxRCzkeLv9S2XJcW2WgnZT1+xyisi+0bISrXR82gCX+8S9lvK0skEvHJRN+3Ktr2hlw==}
    engines: {node: '>=14.21.3'}
    hasBin: true

  '@biomejs/cli-darwin-arm64@2.4.15':
    resolution: {integrity: sha512-rF3PPqLq1yoST79zaQbDjVJwsuIeci/O+9bgNmC5QpgOqz6aqYuzA4abyAGx+mgyiDXn4A049xAN8gijbuR1Qg==}
    engines: {node: '>=14.21.3'}
    cpu: [arm64]
    os: [darwin]

  '@biomejs/cli-darwin-x64@2.4.15':
    resolution: {integrity: sha512-/5KHXYMfSJs1fNXiX30xFtI8JcCFV6zaVVLxOa0M2sfqBKHkpQhRTv94yxQWxeTY2lzo2OuTlNvPC+hDQt2wcQ==}
    engines: {node: '>=14.21.3'}
    cpu: [x64]
    os: [darwin]

  '@biomejs/cli-linux-arm64-musl@2.4.15':
    resolution: {integrity: sha512-ZPcxznxm0pogHBLZhYntyR3sR+MrZjqJIKEr7ZqVen0Rl+P/4upVmfYXjftizi9RoqZntg33fv/1fbdhbYXpEQ==}
    engines: {node: '>=14.21.3'}
    cpu: [arm64]
    os: [linux]
    libc: [musl]

  '@biomejs/cli-linux-arm64@2.4.15':
    resolution: {integrity: sha512-owaAMZD/T4LrD0ELNCk0Km3qrRHuM0X6EAyVE1FSqGY0rbLoiDLrO4Us2tllm6cAeB2Ioa9C2C08NZPdr8+0Ug==}
    engines: {node: '>=14.21.3'}
    cpu: [arm64]
    os: [linux]
    libc: [glibc]

  '@biomejs/cli-linux-x64-musl@2.4.15':
    resolution: {integrity: sha512-CNq/9W38SYSH023lfcQ4KKU8K0YX8T//FZUhcgtMMRABDojx5XsMV7jlweAvGSl389wJQB29Qo6Zb/a+jdvt+w==}
    engines: {node: '>=14.21.3'}
    cpu: [x64]
    os: [linux]
    libc: [musl]

  '@biomejs/cli-linux-x64@2.4.15':
    resolution: {integrity: sha512-0jj7THz12GbUOLmMibktK6DZjqz2zV64KFxyBtcFTKPiiOIY0a7vns1elpO1dERvxpsZ5ik0oFfz0oGwFde1+g==}
    engines: {node: '>=14.21.3'}
    cpu: [x64]
    os: [linux]
    libc: [glibc]

  '@biomejs/cli-win32-arm64@2.4.15':
    resolution: {integrity: sha512-ouhkYdlhp/1GghEJPdWwD/Vi3gQ1nFxuSpMolWsbq3Lsq3QUR4jl6UdhhscdCugKU5vOEuMiJhvKj66O0OCq+w==}
    engines: {node: '>=14.21.3'}
    cpu: [arm64]
    os: [win32]

  '@biomejs/cli-win32-x64@2.4.15':
    resolution: {integrity: sha512-zBrGq5mx5wwpnow4+2BxUvleDM+GNd4sLbPaMapsSLQLD0NGRCquqPBTgN+7XkUteHvj7M+BstuI8tmnV7+HgQ==}
    engines: {node: '>=14.21.3'}
    cpu: [x64]
    os: [win32]

  '@emnapi/core@1.10.0':
    resolution: {integrity: sha512-yq6OkJ4p82CAfPl0u9mQebQHKPJkY7WrIuk205cTYnYe+k2Z8YBh11FrbRG/H6ihirqcacOgl2BIO8oyMQLeXw==}

  '@emnapi/runtime@1.10.0':
    resolution: {integrity: sha512-ewvYlk86xUoGI0zQRNq/mC+16R1QeDlKQy21Ki3oSYXNgLb45GV1P6A0M+/s6nyCuNDqe5VpaY84BzXGwVbwFA==}

  '@emnapi/wasi-threads@1.2.1':
    resolution: {integrity: sha512-uTII7OYF+/Mes/MrcIOYp5yOtSMLBWSIoLPpcgwipoiKbli6k322tcoFsxoIIxPDqW01SQGAgko4EzZi2BNv2w==}

  '@esbuild/aix-ppc64@0.28.0':
    resolution: {integrity: sha512-lhRUCeuOyJQURhTxl4WkpFTjIsbDayJHih5kZC1giwE+MhIzAb7mEsQMqMf18rHLsrb5qI1tafG20mLxEWcWlA==}
    engines: {node: '>=18'}
    cpu: [ppc64]
    os: [aix]

  '@esbuild/android-arm64@0.28.0':
    resolution: {integrity: sha512-+WzIXQOSaGs33tLEgYPYe/yQHf0WTU0X42Jca3y8NWMbUVhp7rUnw+vAsRC/QiDrdD31IszMrZy+qwPOPjd+rw==}
    engines: {node: '>=18'}
    cpu: [arm64]
    os: [android]

  '@esbuild/android-arm@0.28.0':
    resolution: {integrity: sha512-wqh0ByljabXLKHeWXYLqoJ5jKC4XBaw6Hk08OfMrCRd2nP2ZQ5eleDZC41XHyCNgktBGYMbqnrJKq/K/lzPMSQ==}
    engines: {node: '>=18'}
    cpu: [arm]
    os: [android]

  '@esbuild/android-x64@0.28.0':
    resolution: {integrity: sha512-+VJggoaKhk2VNNqVL7f6S189UzShHC/mR9EE8rDdSkdpN0KflSwWY/gWjDrNxxisg8Fp1ZCD9jLMo4m0OUfeUA==}
    engines: {node: '>=18'}
    cpu: [x64]
    os: [android]

  '@esbuild/darwin-arm64@0.28.0':
    resolution: {integrity: sha512-0T+A9WZm+bZ84nZBtk1ckYsOvyA3x7e2Acj1KdVfV4/2tdG4fzUp91YHx+GArWLtwqp77pBXVCPn2We7Letr0Q==}
    engines: {node: '>=18'}
    cpu: [arm64]
    os: [darwin]

  '@esbuild/darwin-x64@0.28.0':
    resolution: {integrity: sha512-fyzLm/DLDl/84OCfp2f/XQ4flmORsjU7VKt8HLjvIXChJoFFOIL6pLJPH4Yhd1n1gGFF9mPwtlN5Wf82DZs+LQ==}
    engines: {node: '>=18'}
    cpu: [x64]
    os: [darwin]

  '@esbuild/freebsd-arm64@0.28.0':
    resolution: {integrity: sha512-l9GeW5UZBT9k9brBYI+0WDffcRxgHQD8ShN2Ur4xWq/NFzUKm3k5lsH4PdaRgb2w7mI9u61nr2gI2mLI27Nh3Q==}
    engines: {node: '>=18'}
    cpu: [arm64]
    os: [freebsd]

  '@esbuild/freebsd-x64@0.28.0':
    resolution: {integrity: sha512-BXoQai/A0wPO6Es3yFJ7APCiKGc1tdAEOgeTNy3SsB491S3aHn4S4r3e976eUnPdU+NbdtmBuLncYir2tMU9Nw==}
    engines: {node: '>=18'}
    cpu: [x64]
    os: [freebsd]

  '@esbuild/linux-arm64@0.28.0':
    resolution: {integrity: sha512-RVyzfb3FWsGA55n6WY0MEIEPURL1FcbhFE6BffZEMEekfCzCIMtB5yyDcFnVbTnwk+CLAgTujmV/Lgvih56W+A==}
    engines: {node: '>=18'}
    cpu: [arm64]
    os: [linux]

  '@esbuild/linux-arm@0.28.0':
    resolution: {integrity: sha512-CjaaREJagqJp7iTaNQjjidaNbCKYcd4IDkzbwwxtSvjI7NZm79qiHc8HqciMddQ6CKvJT6aBd8lO9kN/ZudLlw==}
    engines: {node: '>=18'}
    cpu: [arm]
    os: [linux]

  '@esbuild/linux-ia32@0.28.0':
    resolution: {integrity: sha512-KBnSTt1kxl9x70q+ydterVdl+Cn0H18ngRMRCEQfrbqdUuntQQ0LoMZv47uB97NljZFzY6HcfqEZ2SAyIUTQBQ==}
    engines: {node: '>=18'}
    cpu: [ia32]
    os: [linux]

  '@esbuild/linux-loong64@0.28.0':
    resolution: {integrity: sha512-zpSlUce1mnxzgBADvxKXX5sl8aYQHo2ezvMNI8I0lbblJtp8V4odlm3Yzlj7gPyt3T8ReksE6bK+pT3WD+aJRg==}
    engines: {node: '>=18'}
    cpu: [loong64]
    os: [linux]

  '@esbuild/linux-mips64el@0.28.0':
    resolution: {integrity: sha512-2jIfP6mmjkdmeTlsX/9vmdmhBmKADrWqN7zcdtHIeNSCH1SqIoNI63cYsjQR8J+wGa4Y5izRcSHSm8K3QWmk3w==}
    engines: {node: '>=18'}
    cpu: [mips64el]
    os: [linux]

  '@esbuild/linux-ppc64@0.28.0':
    resolution: {integrity: sha512-bc0FE9wWeC0WBm49IQMPSPILRocGTQt3j5KPCA8os6VprfuJ7KD+5PzESSrJ6GmPIPJK965ZJHTUlSA6GNYEhg==}
    engines: {node: '>=18'}
    cpu: [ppc64]
    os: [linux]

  '@esbuild/linux-riscv64@0.28.0':
    resolution: {integrity: sha512-SQPZOwoTTT/HXFXQJG/vBX8sOFagGqvZyXcgLA3NhIqcBv1BJU1d46c0rGcrij2B56Z2rNiSLaZOYW5cUk7yLQ==}
    engines: {node: '>=18'}
    cpu: [riscv64]
    os: [linux]

  '@esbuild/linux-s390x@0.28.0':
    resolution: {integrity: sha512-SCfR0HN8CEEjnYnySJTd2cw0k9OHB/YFzt5zgJEwa+wL/T/raGWYMBqwDNAC6dqFKmJYZoQBRfHjgwLHGSrn3Q==}
    engines: {node: '>=18'}
    cpu: [s390x]
    os: [linux]

  '@esbuild/linux-x64@0.28.0':
    resolution: {integrity: sha512-us0dSb9iFxIi8srnpl931Nvs65it/Jd2a2K3qs7fz2WfGPHqzfzZTfec7oxZJRNPXPnNYZtanmRc4AL/JwVzHQ==}
    engines: {node: '>=18'}
    cpu: [x64]
    os: [linux]

  '@esbuild/netbsd-arm64@0.28.0':
    resolution: {integrity: sha512-CR/RYotgtCKwtftMwJlUU7xCVNg3lMYZ0RzTmAHSfLCXw3NtZtNpswLEj/Kkf6kEL3Gw+BpOekRX0BYCtklhUw==}
    engines: {node: '>=18'}
    cpu: [arm64]
    os: [netbsd]

  '@esbuild/netbsd-x64@0.28.0':
    resolution: {integrity: sha512-nU1yhmYutL+fQ71Kxnhg8uEOdC0pwEW9entHykTgEbna2pw2dkbFSMeqjjyHZoCmt8SBkOSvV+yNmm94aUrrqw==}
    engines: {node: '>=18'}
    cpu: [x64]
    os: [netbsd]

  '@esbuild/openbsd-arm64@0.28.0':
    resolution: {integrity: sha512-cXb5vApOsRsxsEl4mcZ1XY3D4DzcoMxR/nnc4IyqYs0rTI8ZKmW6kyyg+11Z8yvgMfAEldKzP7AdP64HnSC/6g==}
    engines: {node: '>=18'}
    cpu: [arm64]
    os: [openbsd]

  '@esbuild/openbsd-x64@0.28.0':
    resolution: {integrity: sha512-8wZM2qqtv9UP3mzy7HiGYNH/zjTA355mpeuA+859TyR+e+Tc08IHYpLJuMsfpDJwoLo1ikIJI8jC3GFjnRClzA==}
    engines: {node: '>=18'}
    cpu: [x64]
    os: [openbsd]

  '@esbuild/openharmony-arm64@0.28.0':
    resolution: {integrity: sha512-FLGfyizszcef5C3YtoyQDACyg95+dndv79i2EekILBofh5wpCa1KuBqOWKrEHZg3zrL3t5ouE5jgr94vA+Wb2w==}
    engines: {node: '>=18'}
    cpu: [arm64]
    os: [openharmony]

  '@esbuild/sunos-x64@0.28.0':
    resolution: {integrity: sha512-1ZgjUoEdHZZl/YlV76TSCz9Hqj9h9YmMGAgAPYd+q4SicWNX3G5GCyx9uhQWSLcbvPW8Ni7lj4gDa1T40akdlw==}
    engines: {node: '>=18'}
    cpu: [x64]
    os: [sunos]

  '@esbuild/win32-arm64@0.28.0':
    resolution: {integrity: sha512-Q9StnDmQ/enxnpxCCLSg0oo4+34B9TdXpuyPeTedN/6+iXBJ4J+zwfQI28u/Jl40nOYAxGoNi7mFP40RUtkmUA==}
    engines: {node: '>=18'}
    cpu: [arm64]
    os: [win32]

  '@esbuild/win32-ia32@0.28.0':
    resolution: {integrity: sha512-zF3ag/gfiCe6U2iczcRzSYJKH1DCI+ByzSENHlM2FcDbEeo5Zd2C86Aq0tKUYAJJ1obRP84ymxIAksZUcdztHA==}
    engines: {node: '>=18'}
    cpu: [ia32]
    os: [win32]

  '@esbuild/win32-x64@0.28.0':
    resolution: {integrity: sha512-pEl1bO9mfAmIC+tW5btTmrKaujg3zGtUmWNdCw/xs70FBjwAL3o9OEKNHvNmnyylD6ubxUERiEhdsL0xBQ9efw==}
    engines: {node: '>=18'}
    cpu: [x64]
    os: [win32]

  '@napi-rs/wasm-runtime@0.2.12':
    resolution: {integrity: sha512-ZVWUcfwY4E/yPitQJl481FjFo3K22D6qF0DuFH6Y/nbnE11GY5uguDxZMGXPQ8WQ0128MXQD7TnfHyK4oWoIJQ==}

  '@oxc-parser/binding-darwin-arm64@0.72.3':
    resolution: {integrity: sha512-g6wgcfL7At4wHNHutl0NmPZTAju+cUSmSX5WGUMyTJmozRzhx8E9a2KL4rTqNJPwEpbCFrgC29qX9f4fpDnUpA==}
    engines: {node: '>=14.0.0'}
    cpu: [arm64]
    os: [darwin]

  '@oxc-parser/binding-darwin-x64@0.72.3':
    resolution: {integrity: sha512-pc+tplB2fd0AqdnXY90FguqSF2OwbxXwrMOLAMmsUiK4/ytr8Z/ftd49+d27GgvQJKeg2LfnIbskaQtY/j2tAA==}
    engines: {node: '>=14.0.0'}
    cpu: [x64]
    os: [darwin]

  '@oxc-parser/binding-freebsd-x64@0.72.3':
    resolution: {integrity: sha512-igBR6rOvL8t5SBm1f1rjtWNsjB53HNrM3au582JpYzWxOqCjeA5Jlm9KZbjQJC+J8SPB9xyljM7G+6yGZ2UAkQ==}
    engines: {node: '>=14.0.0'}
    cpu: [x64]
    os: [freebsd]

  '@oxc-parser/binding-linux-arm-gnueabihf@0.72.3':
    resolution: {integrity: sha512-/izdr3wg7bK+2RmNhZXC2fQwxbaTH3ELeqdR+Wg4FiEJ/C7ZBIjfB0E734bZGgbDu+rbEJTBlbG77XzY0wRX/Q==}
    engines: {node: '>=14.0.0'}
    cpu: [arm]
    os: [linux]

  '@oxc-parser/binding-linux-arm-musleabihf@0.72.3':
    resolution: {integrity: sha512-Vz7C+qJb22HIFl3zXMlwvlTOR+MaIp5ps78060zsdeZh2PUGlYuUYkYXtGEjJV3kc8aKFj79XKqAY1EPG2NWQA==}
    engines: {node: '>=14.0.0'}
    cpu: [arm]
    os: [linux]

  '@oxc-parser/binding-linux-arm64-gnu@0.72.3':
    resolution: {integrity: sha512-nomoMe2VpVxW767jhF+G3mDGmE0U6nvvi5nw9Edqd/5DIylQfq/lEGUWL7qITk+E72YXBsnwHtpRRlIAJOMyZg==}
    engines: {node: '>=14.0.0'}
    cpu: [arm64]
    os: [linux]
    libc: [glibc]

  '@oxc-parser/binding-linux-arm64-musl@0.72.3':
    resolution: {integrity: sha512-4DswiIK5dI7hFqcMKWtZ7IZnWkRuskh6poI1ad4gkY2p678NOGtl6uOGCCRlDmLOOhp3R27u4VCTzQ6zra977w==}
    engines: {node: '>=14.0.0'}
    cpu: [arm64]
    os: [linux]
    libc: [musl]

  '@oxc-parser/binding-linux-riscv64-gnu@0.72.3':
    resolution: {integrity: sha512-R9GEiA4WFPGU/3RxAhEd6SaMdpqongGTvGEyTvYCS/MAQyXKxX/LFvc2xwjdvESpjIemmc/12aTTq6if28vHkQ==}
    engines: {node: '>=14.0.0'}
    cpu: [riscv64]
    os: [linux]
    libc: [glibc]

  '@oxc-parser/binding-linux-s390x-gnu@0.72.3':
    resolution: {integrity: sha512-/sEYJQMVqikZO8gK9VDPT4zXo9du3gvvu8jp6erMmW5ev+14PErWRypJjktp0qoTj+uq4MzXro0tg7U+t5hP1w==}
    engines: {node: '>=14.0.0'}
    cpu: [s390x]
    os: [linux]
    libc: [glibc]

  '@oxc-parser/binding-linux-x64-gnu@0.72.3':
    resolution: {integrity: sha512-hlyljEZ0sMPKJQCd5pxnRh2sAf/w+Ot2iJecgV9Hl3brrYrYCK2kofC0DFaJM3NRmG/8ZB3PlxnSRSKZTocwCw==}
    engines: {node: '>=14.0.0'}
    cpu: [x64]
    os: [linux]
    libc: [glibc]

  '@oxc-parser/binding-linux-x64-musl@0.72.3':
    resolution: {integrity: sha512-T17S8ORqAIq+YDFMvLfbNdAiYHYDM1+sLMNhesR5eWBtyTHX510/NbgEvcNemO9N6BNR7m4A9o+q468UG+dmbg==}
    engines: {node: '>=14.0.0'}
    cpu: [x64]
    os: [linux]
    libc: [musl]

  '@oxc-parser/binding-wasm32-wasi@0.72.3':
    resolution: {integrity: sha512-x0Ojn/jyRUk6MllvVB/puSvI2tczZBIYweKVYHNv1nBatjPRiqo+6/uXiKrZwSfGLkGARrKkTuHSa5RdZBMOdA==}
    engines: {node: '>=14.0.0'}
    cpu: [wasm32]

  '@oxc-parser/binding-win32-arm64-msvc@0.72.3':
    resolution: {integrity: sha512-kRVAl87ugRjLZTm9vGUyiXU50mqxLPHY81rgnZUP1HtNcqcmTQtM/wUKQL2UdqvhA6xm6zciqzqCgJfU+RW8uA==}
    engines: {node: '>=14.0.0'}
    cpu: [arm64]
    os: [win32]

  '@oxc-parser/binding-win32-x64-msvc@0.72.3':
    resolution: {integrity: sha512-vpVdoGAP5iGE5tIEPJgr7FkQJZA+sKjMkg5x1jarWJ1nnBamfGsfYiZum4QjCfW7jb+pl42rHVSS3lRmMPcyrQ==}
    engines: {node: '>=14.0.0'}
    cpu: [x64]
    os: [win32]

  '@oxc-project/types@0.72.3':
    resolution: {integrity: sha512-CfAC4wrmMkUoISpQkFAIfMVvlPfQV3xg7ZlcqPXPOIMQhdKIId44G8W0mCPgtpWdFFAyJ+SFtiM+9vbyCkoVng==}

  '@tybys/wasm-util@0.10.2':
    resolution: {integrity: sha512-RoBvJ2X0wuKlWFIjrwffGw1IqZHKQqzIchKaadZZfnNpsAYp2mM0h36JtPCjNDAHGgYez/15uMBpfGwchhiMgg==}

  acorn@8.16.0:
    resolution: {integrity: sha512-UVJyE9MttOsBQIDKw1skb9nAwQuR5wuGD3+82K6JgJlm/Y+KI92oNsMNGZCYdDsVtRHSak0pcV5Dno5+4jh9sw==}
    engines: {node: '>=0.4.0'}
    hasBin: true

  esbuild@0.28.0:
    resolution: {integrity: sha512-sNR9MHpXSUV/XB4zmsFKN+QgVG82Cc7+/aaxJ8Adi8hyOac+EXptIp45QBPaVyX3N70664wRbTcLTOemCAnyqw==}
    engines: {node: '>=18'}
    hasBin: true

  hermes-estree@0.18.2:
    resolution: {integrity: sha512-KoLsoWXJ5o81nit1wSyEZnWUGy9cBna9iYMZBR7skKh7okYAYKqQ9/OczwpMHn/cH0hKDyblulGsJ7FknlfVxQ==}

  hermes-parser@0.18.2:
    resolution: {integrity: sha512-1eQfvib+VPpgBZ2zYKQhpuOjw1tH+Emuib6QmjkJWJMhyjM8xnXMvA+76o9LhF0zOAJDZgPfQhg43cyXEyl5Ew==}

  meriyah@4.5.0:
    resolution: {integrity: sha512-Rbiu0QPIxTXgOXwiIpRVJfZRQ2FWyfzYrOGBs9SN5RbaXg1CN5ELn/plodwWwluX93yzc4qO/bNIen1ThGFCxw==}
    engines: {node: '>=10.4.0'}

  node-repl-polyfill@0.1.2:
    resolution: {integrity: sha512-iKIt/IcM7SwS5h8Pw8PXhAqoolRuAda/Z8Ay7IBmGnBypaOKVI748Gkzg50+bAb5QHez7DacdSiYjdfE1YN4uQ==}

  oxc-parser@0.72.3:
    resolution: {integrity: sha512-JYQeJKDcUTTZ/uTdJ+fZBGFjAjkLD1h0p3Tf44ZYXRcoMk+57d81paNPFAAwzrzzqhZmkGvKKXDxwyhJXYZlpg==}
    engines: {node: '>=14.0.0'}

  porffor@0.61.13:
    resolution: {integrity: sha512-+WphOD3frFzNhdHCkdVTHYdzkTipYGIBZZJfMw0BEKihEGCECH46hyYGzGWd7ysopxZrkCeP8+qcUqXI8cPqaA==}
    hasBin: true

  tslib@2.8.1:
    resolution: {integrity: sha512-oJFu94HQb+KVduSUQL7wnpmqnfmLsOA/nAh6b6EH0wCEoK0/mPeXU6c3wKDV83MkOuHPRHtSXKKU99IBazS/2w==}

  typescript@6.0.3:
    resolution: {integrity: sha512-y2TvuxSZPDyQakkFRPZHKFm+KKVqIisdg9/CZwm9ftvKXLP8NRWj38/ODjNbr43SsoXqNuAisEf1GdCxqWcdBw==}
    engines: {node: '>=14.17'}
    hasBin: true

  uwebsockets@3.0.5:
    resolution: {integrity: sha512-abtC7zzO/rIg6nGeyqdzqqygc7uJS44Xus2IXQAp6aE8JU+nUDbur1WWK8+Oi+ccRIDWls75YBhDWoizGJGQfw==}

snapshots:

  '@babel/helper-string-parser@7.29.7':
    optional: true

  '@babel/helper-validator-identifier@7.29.7':
    optional: true

  '@babel/parser@7.29.7':
    dependencies:
      '@babel/types': 7.29.7
    optional: true

  '@babel/types@7.29.7':
    dependencies:
      '@babel/helper-string-parser': 7.29.7
      '@babel/helper-validator-identifier': 7.29.7
    optional: true

  '@biomejs/biome@2.4.15':
    optionalDependencies:
      '@biomejs/cli-darwin-arm64': 2.4.15
      '@biomejs/cli-darwin-x64': 2.4.15
      '@biomejs/cli-linux-arm64': 2.4.15
      '@biomejs/cli-linux-arm64-musl': 2.4.15
      '@biomejs/cli-linux-x64': 2.4.15
      '@biomejs/cli-linux-x64-musl': 2.4.15
      '@biomejs/cli-win32-arm64': 2.4.15
      '@biomejs/cli-win32-x64': 2.4.15

  '@biomejs/cli-darwin-arm64@2.4.15':
    optional: true

  '@biomejs/cli-darwin-x64@2.4.15':
    optional: true

  '@biomejs/cli-linux-arm64-musl@2.4.15':
    optional: true

  '@biomejs/cli-linux-arm64@2.4.15':
    optional: true

  '@biomejs/cli-linux-x64-musl@2.4.15':
    optional: true

  '@biomejs/cli-linux-x64@2.4.15':
    optional: true

  '@biomejs/cli-win32-arm64@2.4.15':
    optional: true

  '@biomejs/cli-win32-x64@2.4.15':
    optional: true

  '@emnapi/core@1.10.0':
    dependencies:
      '@emnapi/wasi-threads': 1.2.1
      tslib: 2.8.1
    optional: true

  '@emnapi/runtime@1.10.0':
    dependencies:
      tslib: 2.8.1
    optional: true

  '@emnapi/wasi-threads@1.2.1':
    dependencies:
      tslib: 2.8.1
    optional: true

  '@esbuild/aix-ppc64@0.28.0':
    optional: true

  '@esbuild/android-arm64@0.28.0':
    optional: true

  '@esbuild/android-arm@0.28.0':
    optional: true

  '@esbuild/android-x64@0.28.0':
    optional: true

  '@esbuild/darwin-arm64@0.28.0':
    optional: true

  '@esbuild/darwin-x64@0.28.0':
    optional: true

  '@esbuild/freebsd-arm64@0.28.0':
    optional: true

  '@esbuild/freebsd-x64@0.28.0':
    optional: true

  '@esbuild/linux-arm64@0.28.0':
    optional: true

  '@esbuild/linux-arm@0.28.0':
    optional: true

  '@esbuild/linux-ia32@0.28.0':
    optional: true

  '@esbuild/linux-loong64@0.28.0':
    optional: true

  '@esbuild/linux-mips64el@0.28.0':
    optional: true

  '@esbuild/linux-ppc64@0.28.0':
    optional: true

  '@esbuild/linux-riscv64@0.28.0':
    optional: true

  '@esbuild/linux-s390x@0.28.0':
    optional: true

  '@esbuild/linux-x64@0.28.0':
    optional: true

  '@esbuild/netbsd-arm64@0.28.0':
    optional: true

  '@esbuild/netbsd-x64@0.28.0':
    optional: true

  '@esbuild/openbsd-arm64@0.28.0':
    optional: true

  '@esbuild/openbsd-x64@0.28.0':
    optional: true

  '@esbuild/openharmony-arm64@0.28.0':
    optional: true

  '@esbuild/sunos-x64@0.28.0':
    optional: true

  '@esbuild/win32-arm64@0.28.0':
    optional: true

  '@esbuild/win32-ia32@0.28.0':
    optional: true

  '@esbuild/win32-x64@0.28.0':
    optional: true

  '@napi-rs/wasm-runtime@0.2.12':
    dependencies:
      '@emnapi/core': 1.10.0
      '@emnapi/runtime': 1.10.0
      '@tybys/wasm-util': 0.10.2
    optional: true

  '@oxc-parser/binding-darwin-arm64@0.72.3':
    optional: true

  '@oxc-parser/binding-darwin-x64@0.72.3':
    optional: true

  '@oxc-parser/binding-freebsd-x64@0.72.3':
    optional: true

  '@oxc-parser/binding-linux-arm-gnueabihf@0.72.3':
    optional: true

  '@oxc-parser/binding-linux-arm-musleabihf@0.72.3':
    optional: true

  '@oxc-parser/binding-linux-arm64-gnu@0.72.3':
    optional: true

  '@oxc-parser/binding-linux-arm64-musl@0.72.3':
    optional: true

  '@oxc-parser/binding-linux-riscv64-gnu@0.72.3':
    optional: true

  '@oxc-parser/binding-linux-s390x-gnu@0.72.3':
    optional: true

  '@oxc-parser/binding-linux-x64-gnu@0.72.3':
    optional: true

  '@oxc-parser/binding-linux-x64-musl@0.72.3':
    optional: true

  '@oxc-parser/binding-wasm32-wasi@0.72.3':
    dependencies:
      '@napi-rs/wasm-runtime': 0.2.12
    optional: true

  '@oxc-parser/binding-win32-arm64-msvc@0.72.3':
    optional: true

  '@oxc-parser/binding-win32-x64-msvc@0.72.3':
    optional: true

  '@oxc-project/types@0.72.3':
    optional: true

  '@tybys/wasm-util@0.10.2':
    dependencies:
      tslib: 2.8.1
    optional: true

  acorn@8.16.0: {}

  esbuild@0.28.0:
    optionalDependencies:
      '@esbuild/aix-ppc64': 0.28.0
      '@esbuild/android-arm': 0.28.0
      '@esbuild/android-arm64': 0.28.0
      '@esbuild/android-x64': 0.28.0
      '@esbuild/darwin-arm64': 0.28.0
      '@esbuild/darwin-x64': 0.28.0
      '@esbuild/freebsd-arm64': 0.28.0
      '@esbuild/freebsd-x64': 0.28.0
      '@esbuild/linux-arm': 0.28.0
      '@esbuild/linux-arm64': 0.28.0
      '@esbuild/linux-ia32': 0.28.0
      '@esbuild/linux-loong64': 0.28.0
      '@esbuild/linux-mips64el': 0.28.0
      '@esbuild/linux-ppc64': 0.28.0
      '@esbuild/linux-riscv64': 0.28.0
      '@esbuild/linux-s390x': 0.28.0
      '@esbuild/linux-x64': 0.28.0
      '@esbuild/netbsd-arm64': 0.28.0
      '@esbuild/netbsd-x64': 0.28.0
      '@esbuild/openbsd-arm64': 0.28.0
      '@esbuild/openbsd-x64': 0.28.0
      '@esbuild/openharmony-arm64': 0.28.0
      '@esbuild/sunos-x64': 0.28.0
      '@esbuild/win32-arm64': 0.28.0
      '@esbuild/win32-ia32': 0.28.0
      '@esbuild/win32-x64': 0.28.0

  hermes-estree@0.18.2:
    optional: true

  hermes-parser@0.18.2:
    dependencies:
      hermes-estree: 0.18.2
    optional: true

  meriyah@4.5.0:
    optional: true

  node-repl-polyfill@0.1.2: {}

  oxc-parser@0.72.3:
    dependencies:
      '@oxc-project/types': 0.72.3
    optionalDependencies:
      '@oxc-parser/binding-darwin-arm64': 0.72.3
      '@oxc-parser/binding-darwin-x64': 0.72.3
      '@oxc-parser/binding-freebsd-x64': 0.72.3
      '@oxc-parser/binding-linux-arm-gnueabihf': 0.72.3
      '@oxc-parser/binding-linux-arm-musleabihf': 0.72.3
      '@oxc-parser/binding-linux-arm64-gnu': 0.72.3
      '@oxc-parser/binding-linux-arm64-musl': 0.72.3
      '@oxc-parser/binding-linux-riscv64-gnu': 0.72.3
      '@oxc-parser/binding-linux-s390x-gnu': 0.72.3
      '@oxc-parser/binding-linux-x64-gnu': 0.72.3
      '@oxc-parser/binding-linux-x64-musl': 0.72.3
      '@oxc-parser/binding-wasm32-wasi': 0.72.3
      '@oxc-parser/binding-win32-arm64-msvc': 0.72.3
      '@oxc-parser/binding-win32-x64-msvc': 0.72.3
    optional: true

  porffor@0.61.13:
    dependencies:
      acorn: 8.16.0
      node-repl-polyfill: 0.1.2
    optionalDependencies:
      '@babel/parser': 7.29.7
      hermes-parser: 0.18.2
      meriyah: 4.5.0
      oxc-parser: 0.72.3

  tslib@2.8.1:
    optional: true

  typescript@6.0.3: {}

  uwebsockets@3.0.5: {}
